<?xml version="1.0" encoding="UTF-8" standalone="yes" ?>
<CodeBlocks_project_file>
	<FileVersion major="1" minor="6" />
	<Project>
		<Option title="Tower-Defense" />
		<Option pch_mode="2" />
		<Option compiler="gcc" />
		<Build>
			<Target title="Debug GNU/Linux">
				<Option platforms="Unix;" />
				<Option output="bin/Debug/Tower-Defense" prefix_auto="1" extension_auto="1" />
				<Option object_output="obj/Debug/" />
				<Option type="1" />
				<Option compiler="gcc" />
				<Compiler>
					<Add option="-g" />
					<Add directory="include" />
				</Compiler>
			</Target>
			<Target title="Release GNU/Linux">
				<Option platforms="Unix;" />
				<Option output="bin/Release/Tower-Defense" prefix_auto="1" extension_auto="1" />
				<Option object_output="obj/Release/" />
				<Option type="0" />
				<Option compiler="gcc" />
				<Compiler>
					<Add option="-O2" />
					<Add directory="include" />
				</Compiler>
				<Linker>
					<Add option="-s" />
				</Linker>
			</Target>
			<Target title="Debug Windows">
				<Option platforms="Windows;" />
				<Option output="Tower-Defense" prefix_auto="1" extension_auto="1" />
				<Option type="0" />
				<Option compiler="gcc" />
			</Target>
			<Target title="Release Windows">
				<Option platforms="Windows;" />
				<Option output="Tower-Defense" prefix_auto="1" extension_auto="1" />
				<Option type="0" />
				<Option compiler="gcc" />
			</Target>
		</Build>
		<Compiler>
			<Add option="`sdl-config --cflags`" />
			<Add option="-Wall" />
		</Compiler>
		<Linker>
			<Add option="`sdl-config --libs`" />
		</Linker>
		<Unit filename="cb.bmp">
			<Option target="Debug GNU/Linux" />
			<Option target="Release GNU/Linux" />
		</Unit>
		<Unit filename="include/database/BaseComponent.h">
			<Option target="Debug GNU/Linux" />
			<Option target="Release GNU/Linux" />
		</Unit>
		<Unit filename="include/database/Database.h">
			<Option target="Debug GNU/Linux" />
			<Option target="Release GNU/Linux" />
		</Unit>
		<Unit filename="include/gameplay/Gameplay.h">
			<Option target="Debug GNU/Linux" />
			<Option target="Release GNU/Linux" />
		</Unit>
		<Unit filename="include/gameplay/GameplayPart.h">
			<Option target="Debug GNU/Linux" />
			<Option target="Release GNU/Linux" />
		</Unit>
		<Unit filename="include/graphic/Graphic.h">
			<Option target="Debug GNU/Linux" />
			<Option target="Release GNU/Linux" />
		</Unit>
		<Unit filename="include/graphic/GraphicPart.h">
			<Option target="Debug GNU/Linux" />
			<Option target="Release GNU/Linux" />
		</Unit>
		<Unit filename="include/input/Input.h">
			<Option target="Debug GNU/Linux" />
			<Option target="Release GNU/Linux" />
		</Unit>
		<Unit filename="include/input/InputPart.h">
			<Option target="Debug GNU/Linux" />
			<Option target="Release GNU/Linux" />
		</Unit>
		<Unit filename="include/physic/Physic.h">
			<Option target="Debug GNU/Linux" />
			<Option target="Release GNU/Linux" />
		</Unit>
		<Unit filename="include/physic/PhysicPart.h">
			<Option target="Debug GNU/Linux" />
			<Option target="Release GNU/Linux" />
		</Unit>
		<Unit filename="include/util/Singleton.h">
			<Option target="Debug GNU/Linux" />
			<Option target="Release GNU/Linux" />
		</Unit>
		<Unit filename="src/database/Database.cpp">
			<Option target="Debug GNU/Linux" />
			<Option target="Release GNU/Linux" />
		</Unit>
		<Unit filename="src/gameplay/Gameplay.cpp">
			<Option target="Debug GNU/Linux" />
			<Option target="Release GNU/Linux" />
		</Unit>
		<Unit filename="src/gameplay/GameplayPart.cpp">
			<Option target="Debug GNU/Linux" />
			<Option target="Release GNU/Linux" />
		</Unit>
		<Unit filename="src/graphic/Graphic.cpp">
			<Option target="Debug GNU/Linux" />
			<Option target="Release GNU/Linux" />
		</Unit>
		<Unit filename="src/graphic/GraphicPart.cpp">
			<Option target="Debug GNU/Linux" />
			<Option target="Release GNU/Linux" />
		</Unit>
		<Unit filename="src/input/Input.cpp">
			<Option target="Debug GNU/Linux" />
			<Option target="Release GNU/Linux" />
		</Unit>
		<Unit filename="src/input/InputPart.cpp">
			<Option target="Debug GNU/Linux" />
			<Option target="Release GNU/Linux" />
		</Unit>
		<Unit filename="src/main.cpp">
			<Option target="Debug GNU/Linux" />
			<Option target="Release GNU/Linux" />
		</Unit>
		<Unit filename="src/physic/Physic.cpp">
			<Option target="Debug GNU/Linux" />
			<Option target="Release GNU/Linux" />
		</Unit>
		<Unit filename="src/physic/PhysicPart.cpp">
			<Option target="Debug GNU/Linux" />
			<Option target="Release GNU/Linux" />
		</Unit>
		<Extensions>
			<code_completion />
			<debugger />
		</Extensions>
	</Project>
</CodeBlocks_project_file>
